{
    "_meta": {
        "hash": {
            "sha256": "7d0ef21049bc36937e92b0ac04c26eef4d7ffa8ac7fa9859b4c118169a631cb4"
        },
        "pipfile-spec": 6,
        "requires": {
            "python_version": "3.7"
        },
        "sources": [
            {
                "name": "pypi",
                "url": "https://pypi.org/simple",
                "verify_ssl": true
            }
        ]
    },
    "default": {
        "cftime": {
            "hashes": [
                "sha256:106d8bd1c144c83de1288c51225fd6846539074b60bb9e05b5e357d5e1eed6b9",
                "sha256:3fb1f637aed7391c9a5d718175014f4cf705970e1d596bbc80bcac078eefefb0",
                "sha256:555c101a0d03f6f6231253d0d84620a5ffb69757680be532086a70b033b9969b",
                "sha256:623255e0264de5cde085f0027ab03365965f3f416de407b604b00abe676f20f2",
                "sha256:7c4d0de4ab846b76f73a9a45d9085e5c6321610e74548bdeaaf6c588fe841587",
                "sha256:8c9b27142cbd41049346128c8a5b78d292b675a3c185e16ed58645c273156e16",
                "sha256:9ad8521598be2b354d159538e9572afb4c0d4ac2b0b6240eef7197e1d709a89e",
                "sha256:9e1c863e38d410de0b59c5be7799ef05cd6f241cc254c6d656dfdae7546c1025",
                "sha256:ad0b9db793eae28ed1f53157e87044119c8153bf211420414f2c6b6e27fc86db",
                "sha256:bdd3a0b85fda45585529825e0954d6140d6df40b7bc489770e72fa6ce79ab9ea",
                "sha256:d65d0fcc7120db05ddd34625310bc56038063fddcf63f3129379949d2ee762e9",
                "sha256:dd44afef96467f2cb3ec9324e9f471653e5daa55b05198f8da389ccb85d38157",
                "sha256:eab0fb0268fc4743f65eb6efac5998af2b0805d914c2e2f83226531add57fd98",
                "sha256:ead81301dbfcfef2b452ce6997f4f82cc0c2d968d27a2795251b5cdfc4b17295",
                "sha256:fb9a5ed38dee8ac43235ba161bf5fb61274e965b9b396a650ba4d515b9d70a7c",
                "sha256:fd84b8631dca1db9b40a75e18671b9edafd3515580d8ab33ce1ebafee75451f0"
            ],
            "version": "==1.1.3"
        },
        "colorama": {
            "hashes": [
                "sha256:7d73d2a99753107a36ac6b455ee49046802e59d9d076ef8e47b61499fa29afff",
                "sha256:e96da0d330793e2cb9485e9ddfd918d456036c7149416295932478192f4436a1"
            ],
            "index": "pypi",
            "version": "==0.4.3"
        },
        "cycler": {
            "hashes": [
                "sha256:1d8a5ae1ff6c5cf9b93e8811e581232ad8920aeec647c37316ceac982b08cb2d",
                "sha256:cd7b2d1018258d7247a71425e9f26463dfb444d411c39569972f4ce586b0c9d8"
            ],
            "version": "==0.10.0"
        },
        "kiwisolver": {
            "hashes": [
                "sha256:03662cbd3e6729f341a97dd2690b271e51a67a68322affab12a5b011344b973c",
                "sha256:18d749f3e56c0480dccd1714230da0f328e6e4accf188dd4e6884bdd06bf02dd",
                "sha256:247800260cd38160c362d211dcaf4ed0f7816afb5efe56544748b21d6ad6d17f",
                "sha256:443c2320520eda0a5b930b2725b26f6175ca4453c61f739fef7a5847bd262f74",
                "sha256:4eadb361baf3069f278b055e3bb53fa189cea2fd02cb2c353b7a99ebb4477ef1",
                "sha256:556da0a5f60f6486ec4969abbc1dd83cf9b5c2deadc8288508e55c0f5f87d29c",
                "sha256:603162139684ee56bcd57acc74035fceed7dd8d732f38c0959c8bd157f913fec",
                "sha256:60a78858580761fe611d22127868f3dc9f98871e6fdf0a15cc4203ed9ba6179b",
                "sha256:7cc095a4661bdd8a5742aaf7c10ea9fac142d76ff1770a0f84394038126d8fc7",
                "sha256:c31bc3c8e903d60a1ea31a754c72559398d91b5929fcb329b1c3a3d3f6e72113",
                "sha256:c955791d80e464da3b471ab41eb65cf5a40c15ce9b001fdc5bbc241170de58ec",
                "sha256:d069ef4b20b1e6b19f790d00097a5d5d2c50871b66d10075dab78938dc2ee2cf",
                "sha256:d52b989dc23cdaa92582ceb4af8d5bcc94d74b2c3e64cd6785558ec6a879793e",
                "sha256:e586b28354d7b6584d8973656a7954b1c69c93f708c0c07b77884f91640b7657",
                "sha256:efcf3397ae1e3c3a4a0a0636542bcad5adad3b1dd3e8e629d0b6e201347176c8",
                "sha256:fccefc0d36a38c57b7bd233a9b485e2f1eb71903ca7ad7adacad6c28a56d62d2"
            ],
            "markers": "python_version >= '3.6'",
            "version": "==1.2.0"
        },
        "matplotlib": {
            "hashes": [
                "sha256:2466d4dddeb0f5666fd1e6736cc5287a4f9f7ae6c1a9e0779deff798b28e1d35",
                "sha256:282b3fc8023c4365bad924d1bb442ddc565c2d1635f210b700722776da466ca3",
                "sha256:4bb50ee4755271a2017b070984bcb788d483a8ce3132fab68393d1555b62d4ba",
                "sha256:56d3147714da5c7ac4bc452d041e70e0e0b07c763f604110bd4e2527f320b86d",
                "sha256:7a9baefad265907c6f0b037c8c35a10cf437f7708c27415a5513cf09ac6d6ddd",
                "sha256:aae7d107dc37b4bb72dcc45f70394e6df2e5e92ac4079761aacd0e2ad1d3b1f7",
                "sha256:af14e77829c5b5d5be11858d042d6f2459878f8e296228c7ea13ec1fd308eb68",
                "sha256:c1cf735970b7cd424502719b44288b21089863aaaab099f55e0283a721aaf781",
                "sha256:ce378047902b7a05546b6485b14df77b2ff207a0054e60c10b5680132090c8ee",
                "sha256:d35891a86a4388b6965c2d527b9a9f9e657d9e110b0575ca8a24ba0d4e34b8fc",
                "sha256:e06304686209331f99640642dee08781a9d55c6e32abb45ed54f021f46ccae47",
                "sha256:e20ba7fb37d4647ac38f3c6d8672dd8b62451ee16173a0711b37ba0ce42bf37d",
                "sha256:f4412241e32d0f8d3713b68d3ca6430190a5e8a7c070f1c07d7833d8c5264398",
                "sha256:ffe2f9cdcea1086fc414e82f42271ecf1976700b8edd16ca9d376189c6d93aee"
            ],
            "index": "pypi",
            "version": "==3.2.1"
        },
        "netcdf4": {
            "hashes": [
                "sha256:01fcd8a7eb9cd711f94ab2422a41f4fb984d7884c7761ad1394bda114f4598dc",
                "sha256:1a1f4c660e245c25f4ddde596f2b8e605d31ed843bccb3edf427e95b52460292",
                "sha256:22f2339b6bf3b3a8ede541b250027609bb82316c807fc455658c1625fb93339a",
                "sha256:2a3ca855848f4bbf07fac366da77a681fcead18c0a8813d91d46302f562dc3be",
                "sha256:2acb00d49924c6f7333644e63395b9baacc004d5b9d91a336ce48087cf777aea",
                "sha256:2df13ecf8f020ee7dbdc776631cf39541c1d8adb0b4531729edc024230e2c66a",
                "sha256:387500a82e6f1d6a8bb8c59bb04c29c5c889a2096598b94bd5445dfe4f3d5bc8",
                "sha256:43fd12e87661a503802bc2e439f6f0771e81c61084a31a85baf60a27c33710ce",
                "sha256:52d6907e9bbf60a2dd9ff5abe83ce0e3d105535efdc83cda51bba9c277560c52",
                "sha256:561a36c0913a859254048f4ddfa94670ef46e3d4dc35b54d4cc4ec26e36e7870",
                "sha256:630347ad5a6e69ef8328de9cdd551dc8938365cff9645ce984760d2567853968",
                "sha256:654236cb5ef0f717851e0174ba828bd39d2d24a35ed5f512712ffd5a74f68048",
                "sha256:66802ada8cd691a77087777b9a3d7aea7eeeefce5b731f3f064c245289de743e",
                "sha256:673fa90736017daf498d2521bd1670e9024bef87b97e2d45f189ce1b6a532a7d",
                "sha256:84aa1cc83b667b75348638b14470fcdc0a7d3ca575b340e2544d6bd2d5f60da1",
                "sha256:86eb62fe4adf89e482fbf9f81b1cca3232ce460747bf8161ef2dcbb64eb27a1d",
                "sha256:8a1efeed664325f66870e99bbbef5e85676a259a00507dbeda023c0ec45ddc7f",
                "sha256:9305604521e2d504156bb1fb6379314bc04b611021f7f713dc41b1caf701f1d9",
                "sha256:99a00b91222af2b281689572263c3bad9d5a2c523abd769f9d5d4de82fec1a37",
                "sha256:9aa2cce186f2febe1c67b1e2aa973de8d264a27c91b3e77770649a5f9a6f094e",
                "sha256:b2e6af17a76ee8b9f8086b2d9d945032a5c08cedd9cf49ae1589530f2ebec9e3",
                "sha256:bae4419c950047fe1b748d83ab0216b314f245bb7042448eae89b0f2c53f1b01",
                "sha256:baf112ba8fef6ae69d8e84a48c970d669b9751f6fda485be473b9ff6d819bf90",
                "sha256:bcc321f975045883e08c3dbad5f609adcb041df77c421518d36a0d253a6e3779",
                "sha256:be25ba5b86c3548e72733964016fd04300e52add80e327026eca4315b34ad1df",
                "sha256:c93a4a0429e666bc2641c1a84af3381e5689b7afb5eac4154b90b1e490d7f3c8",
                "sha256:c98ceae290e87c0b2d4828f2bec8100fda6d15b71bf03b0f0a182a220939d860",
                "sha256:c9ff82a07db6fb97800b329fa84f85031f403e98127c919eea95881a495b4281",
                "sha256:cc9ce70a6323a7f0a5e94fdd7b149a49dc93586f73ee872778b7cab2efa80a96",
                "sha256:dbb1cf68d66b4f692ecdc6921990e0553fae9baf5bbb67086c1f9f8917367d5a",
                "sha256:f73988fb8e4b688e3945c1584f0f45ce3d96a95e2bcbd53ed73eb0611d7cb294"
            ],
            "index": "pypi",
            "version": "==1.5.3"
        },
        "numpy": {
            "hashes": [
                "sha256:0172304e7d8d40e9e49553901903dc5f5a49a703363ed756796f5808a06fc233",
                "sha256:34e96e9dae65c4839bd80012023aadd6ee2ccb73ce7fdf3074c62f301e63120b",
                "sha256:3676abe3d621fc467c4c1469ee11e395c82b2d6b5463a9454e37fe9da07cd0d7",
                "sha256:3dd6823d3e04b5f223e3e265b4a1eae15f104f4366edd409e5a5e413a98f911f",
                "sha256:4064f53d4cce69e9ac613256dc2162e56f20a4e2d2086b1956dd2fcf77b7fac5",
                "sha256:4674f7d27a6c1c52a4d1aa5f0881f1eff840d2206989bae6acb1c7668c02ebfb",
                "sha256:7d42ab8cedd175b5ebcb39b5208b25ba104842489ed59fbb29356f671ac93583",
                "sha256:965df25449305092b23d5145b9bdaeb0149b6e41a77a7d728b1644b3c99277c1",
                "sha256:9c9d6531bc1886454f44aa8f809268bc481295cf9740827254f53c30104f074a",
                "sha256:a78e438db8ec26d5d9d0e584b27ef25c7afa5a182d1bf4d05e313d2d6d515271",
                "sha256:a7acefddf994af1aeba05bbbafe4ba983a187079f125146dc5859e6d817df824",
                "sha256:a87f59508c2b7ceb8631c20630118cc546f1f815e034193dc72390db038a5cb3",
                "sha256:ac792b385d81151bae2a5a8adb2b88261ceb4976dbfaaad9ce3a200e036753dc",
                "sha256:b03b2c0badeb606d1232e5f78852c102c0a7989d3a534b3129e7856a52f3d161",
                "sha256:b39321f1a74d1f9183bf1638a745b4fd6fe80efbb1f6b32b932a588b4bc7695f",
                "sha256:cae14a01a159b1ed91a324722d746523ec757357260c6804d11d6147a9e53e3f",
                "sha256:cd49930af1d1e49a812d987c2620ee63965b619257bd76eaaa95870ca08837cf",
                "sha256:e15b382603c58f24265c9c931c9a45eebf44fe2e6b4eaedbb0d025ab3255228b",
                "sha256:e91d31b34fc7c2c8f756b4e902f901f856ae53a93399368d9a0dc7be17ed2ca0",
                "sha256:ef627986941b5edd1ed74ba89ca43196ed197f1a206a3f18cc9faf2fb84fd675",
                "sha256:f718a7949d1c4f622ff548c572e0c03440b49b9531ff00e4ed5738b459f011e8"
            ],
            "index": "pypi",
            "version": "==1.18.5"
        },
        "opencv-python": {
            "hashes": [
                "sha256:068928b9907b3d3acd53b129062557d6b0b8b324bfade77f028dbe4dfe482bf2",
                "sha256:0e7c91718351449877c2d4141abd64eee1f9c8701bcfaf4e8627bd023e303368",
                "sha256:1ab92d807427641ec45d28d5907426aa06b4ffd19c5b794729c74d91cd95090e",
                "sha256:31d634dea1b47c231b88d384f90605c598214d0c596443c9bb808e11761829f5",
                "sha256:5fdfc0bed37315f27d30ae5ae9bad47ec0a0a28c323739d39c8177b7e0929238",
                "sha256:6fa8fac14dd5af4819d475f74af12d65fbbfa391d3110c3a972934a5e6507c24",
                "sha256:78cc89ebc808886eb190626ee71ab65e47f374121975f86e4d5f7c0e3ce6bed9",
                "sha256:7c7ba11720d01cb572b4b6945d115cb103462c0a28996b44d4e540d06e6a90fd",
                "sha256:a37ee82f1b8ed4b4645619c504311e71ce845b78f40055e78d71add5fab7da82",
                "sha256:aa3ca1f54054e1c6439fdf1edafa2a2b940a9eaac04a7b422a1cba9b2d7b9690",
                "sha256:b9de3dd956574662712da8e285f0f54327959a4e95b96a2847d3c3f5ee7b96e2",
                "sha256:c0087b428cef9a32d977390656d91b02245e0e91f909870492df7e39202645dd",
                "sha256:d87e506ab205799727f0efa34b3888949bf029a3ada5eb000ff632606370ca6e",
                "sha256:d8a55585631f9c9eca4b1a996e9732ae023169cf2f46f69e4518d67d96198226",
                "sha256:dcb8da8c5ebaa6360c8555547a4c7beb6cd983dd95ba895bb78b86cc8cf3de2b",
                "sha256:e2206bb8c17c0f212f1f356d82d72dd090ff4651994034416da9bf0c29732825",
                "sha256:e3c57d6579e5bf85f564d6d48d8ee89868b92879a9232b9975d072c346625e92",
                "sha256:ef89cbf332b9a735d8a82e9ff79cc743eeeb775ad1cd7100bc2aa2429b496f07",
                "sha256:f45c1c3cdda1857bedd4dfe0bbd49c9419af0cc57f33490341edeae97d18f037",
                "sha256:fb3c855347310788e4286b867997be354c55535597966ed5dac876d9166013a4"
            ],
            "index": "pypi",
            "version": "==4.2.0.34"
        },
        "pyparsing": {
            "hashes": [
                "sha256:c203ec8783bf771a155b207279b9bccb8dea02d8f0c9e5f8ead507bc3246ecc1",
                "sha256:ef9d7589ef3c200abe66653d3f1ab1033c3c419ae9b9bdb1240a85b024efc88b"
            ],
            "markers": "python_version >= '2.6' and python_version not in '3.0, 3.1, 3.2, 3.3'",
            "version": "==2.4.7"
        },
        "python-dateutil": {
            "hashes": [
                "sha256:73ebfe9dbf22e832286dafa60473e4cd239f8592f699aa5adaf10050e6e1823c",
                "sha256:75bb3f31ea686f1197762692a9ee6a7550b59fc6ca3a1f4b5d7e32fb98e2da2a"
            ],
            "markers": "python_version >= '2.7' and python_version not in '3.0, 3.1, 3.2, 3.3'",
            "version": "==2.8.1"
        },
        "scipy": {
            "hashes": [
                "sha256:00af72998a46c25bdb5824d2b729e7dabec0c765f9deb0b504f928591f5ff9d4",
                "sha256:0902a620a381f101e184a958459b36d3ee50f5effd186db76e131cbefcbb96f7",
                "sha256:1e3190466d669d658233e8a583b854f6386dd62d655539b77b3fa25bfb2abb70",
                "sha256:2cce3f9847a1a51019e8c5b47620da93950e58ebc611f13e0d11f4980ca5fecb",
                "sha256:3092857f36b690a321a662fe5496cb816a7f4eecd875e1d36793d92d3f884073",
                "sha256:386086e2972ed2db17cebf88610aab7d7f6e2c0ca30042dc9a89cf18dcc363fa",
                "sha256:71eb180f22c49066f25d6df16f8709f215723317cc951d99e54dc88020ea57be",
                "sha256:770254a280d741dd3436919d47e35712fb081a6ff8bafc0f319382b954b77802",
                "sha256:787cc50cab3020a865640aba3485e9fbd161d4d3b0d03a967df1a2881320512d",
                "sha256:8a07760d5c7f3a92e440ad3aedcc98891e915ce857664282ae3c0220f3301eb6",
                "sha256:8d3bc3993b8e4be7eade6dcc6fd59a412d96d3a33fa42b0fa45dc9e24495ede9",
                "sha256:9508a7c628a165c2c835f2497837bf6ac80eb25291055f56c129df3c943cbaf8",
                "sha256:a144811318853a23d32a07bc7fd5561ff0cac5da643d96ed94a4ffe967d89672",
                "sha256:a1aae70d52d0b074d8121333bc807a485f9f1e6a69742010b33780df2e60cfe0",
                "sha256:a2d6df9eb074af7f08866598e4ef068a2b310d98f87dc23bd1b90ec7bdcec802",
                "sha256:bb517872058a1f087c4528e7429b4a44533a902644987e7b2fe35ecc223bc408",
                "sha256:c5cac0c0387272ee0e789e94a570ac51deb01c796b37fb2aad1fb13f85e2f97d",
                "sha256:cc971a82ea1170e677443108703a2ec9ff0f70752258d0e9f5433d00dda01f59",
                "sha256:dba8306f6da99e37ea08c08fef6e274b5bf8567bb094d1dbe86a20e532aca088",
                "sha256:dc60bb302f48acf6da8ca4444cfa17d52c63c5415302a9ee77b3b21618090521",
                "sha256:dee1bbf3a6c8f73b6b218cb28eed8dd13347ea2f87d572ce19b289d6fd3fbc59"
            ],
            "index": "pypi",
            "version": "==1.4.1"
        },
        "six": {
            "hashes": [
                "sha256:30639c035cdb23534cd4aa2dd52c3bf48f06e5f4a941509c8bafd8ce11080259",
                "sha256:8b74bedcbbbaca38ff6d7491d76f2b06b3592611af620f8426e82dddb04a5ced"
            ],
            "markers": "python_version >= '2.7' and python_version not in '3.0, 3.1, 3.2, 3.3'",
            "version": "==1.15.0"
        },
        "tqdm": {
            "hashes": [
                "sha256:07c06493f1403c1380b630ae3dcbe5ae62abcf369a93bbc052502279f189ab8c",
                "sha256:cd140979c2bebd2311dfb14781d8f19bd5a9debb92dcab9f6ef899c987fcf71f"
            ],
            "index": "pypi",
            "version": "==4.46.1"
        }
    },
    "develop": {}
}
